
Microsoft Visual Studio Solution File, Format Version 12.00
# Visual Studio Version 16
VisualStudioVersion = 16.0.29519.87
MinimumVisualStudioVersion = 10.0.40219.1
Project("{FAE04EC0-301F-11D3-BF4B-00C04F79EFBC}") = "HelloWorldGroup", "HelloWorldGroup\HelloWorldGroup.csproj", "{B49071CC-8833-4FA9-80A9-95A738C605F6}"
EndProject
Global
	GlobalSection(SolutionConfigurationPlatforms) = preSolution
		Debug|Any CPU = Debug|Any CPU
		Release|Any CPU = Release|Any CPU
	EndGlobalSection
	GlobalSection(ProjectConfigurationPlatforms) = postSolution
		{B49071CC-8833-4FA9-80A9-95A738C605F6}.Debug|Any CPU.ActiveCfg = Debug|Any CPU
		{B49071CC-8833-4FA9-80A9-95A738C605F6}.Debug|Any CPU.Build.0 = Debug|Any CPU
		{B49071CC-8833-4FA9-80A9-95A738C605F6}.Release|Any CPU.ActiveCfg = Release|Any CPU
		{B49071CC-8833-4FA9-80A9-95A738C605F6}.Release|Any CPU.Build.0 = Release|Any CPU
	EndGlobalSection
	GlobalSection(SolutionProperties) = preSolution
		HideSolutionNode = FALSE
	EndGlobalSection
	GlobalSection(ExtensibilityGlobals) = postSolution
		SolutionGuid = {1D99E406-D67A-4B28-834D-AB5E8A208CD1}
	EndGlobalSection
EndGlobal
